
Microsoft Visual Studio Solution File, Format Version 12.00
# Visual Studio 15
VisualStudioVersion = 15.0.27130.2024
MinimumVisualStudioVersion = 10.0.40219.1
Project("{FAE04EC0-301F-11D3-BF4B-00C04F79EFBC}") = "StackLayoutExercice1.Android", "StackLayoutExercice1\StackLayoutExercice1.Android\StackLayoutExercice1.Android.csproj", "{41D364F2-E681-4083-8348-58AE8DEA4AF7}"
EndProject
Project("{FAE04EC0-301F-11D3-BF4B-00C04F79EFBC}") = "StackLayoutExercice1", "StackLayoutExercice1\StackLayoutExercice1\StackLayoutExercice1.csproj", "{746610E9-0E9B-445A-85D4-B99501217E7C}"
EndProject
Global
	GlobalSection(SolutionConfigurationPlatforms) = preSolution
		Debug|Any CPU = Debug|Any CPU
		Release|Any CPU = Release|Any CPU
	EndGlobalSection
	GlobalSection(ProjectConfigurationPlatforms) = postSolution
		{41D364F2-E681-4083-8348-58AE8DEA4AF7}.Debug|Any CPU.ActiveCfg = Debug|Any CPU
		{41D364F2-E681-4083-8348-58AE8DEA4AF7}.Debug|Any CPU.Build.0 = Debug|Any CPU
		{41D364F2-E681-4083-8348-58AE8DEA4AF7}.Debug|Any CPU.Deploy.0 = Debug|Any CPU
		{41D364F2-E681-4083-8348-58AE8DEA4AF7}.Release|Any CPU.ActiveCfg = Release|Any CPU
		{41D364F2-E681-4083-8348-58AE8DEA4AF7}.Release|Any CPU.Build.0 = Release|Any CPU
		{41D364F2-E681-4083-8348-58AE8DEA4AF7}.Release|Any CPU.Deploy.0 = Release|Any CPU
		{746610E9-0E9B-445A-85D4-B99501217E7C}.Debug|Any CPU.ActiveCfg = Debug|Any CPU
		{746610E9-0E9B-445A-85D4-B99501217E7C}.Debug|Any CPU.Build.0 = Debug|Any CPU
		{746610E9-0E9B-445A-85D4-B99501217E7C}.Release|Any CPU.ActiveCfg = Release|Any CPU
		{746610E9-0E9B-445A-85D4-B99501217E7C}.Release|Any CPU.Build.0 = Release|Any CPU
	EndGlobalSection
	GlobalSection(SolutionProperties) = preSolution
		HideSolutionNode = FALSE
	EndGlobalSection
	GlobalSection(ExtensibilityGlobals) = postSolution
		SolutionGuid = {5A42BE72-8027-45B8-AC06-82BD8855A6D0}
	EndGlobalSection
EndGlobal
